// !$*UTF8*$!
{
	archiveVersion = 1;
	classes = {
	};
	objectVersion = 56;
	objects = {

/* Begin PBXBuildFile section */
		68DE27B029F0147B007CC993 /* AppDelegate.swift in Sources */ = {isa = PBXBuildFile; fileRef = 68DE27AF29F0147B007CC993 /* AppDelegate.swift */; };
		68DE27B229F0147B007CC993 /* SceneDelegate.swift in Sources */ = {isa = PBXBuildFile; fileRef = 68DE27B129F0147B007CC993 /* SceneDelegate.swift */; };
		68DE27B729F0147B007CC993 /* Main.storyboard in Resources */ = {isa = PBXBuildFile; fileRef = 68DE27B529F0147B007CC993 /* Main.storyboard */; };
		68DE27BA29F0147B007CC993 /* ToDoList.xcdatamodeld in Sources */ = {isa = PBXBuildFile; fileRef = 68DE27B829F0147B007CC993 /* ToDoList.xcdatamodeld */; };
		68DE27BC29F0147B007CC993 /* Assets.xcassets in Resources */ = {isa = PBXBuildFile; fileRef = 68DE27BB29F0147B007CC993 /* Assets.xcassets */; };
		68DE27BF29F0147B007CC993 /* LaunchScreen.storyboard in Resources */ = {isa = PBXBuildFile; fileRef = 68DE27BD29F0147B007CC993 /* LaunchScreen.storyboard */; };
		68DE27CA29F0157E007CC993 /* ToDoListTableViewController.swift in Sources */ = {isa = PBXBuildFile; fileRef = 68DE27C929F0157E007CC993 /* ToDoListTableViewController.swift */; };
/* End PBXBuildFile section */

/* Begin PBXFileReference section */
		68DE27AC29F0147B007CC993 /* ToDoList.app */ = {isa = PBXFileReference; explicitFileType = wrapper.application; includeInIndex = 0; path = ToDoList.app; sourceTree = BUILT_PRODUCTS_DIR; };
		68DE27AF29F0147B007CC993 /* AppDelegate.swift */ = {isa = PBXFileReference; lastKnownFileType = sourcecode.swift; path = AppDelegate.swift; sourceTree = "<group>"; };
		68DE27B129F0147B007CC993 /* SceneDelegate.swift */ = {isa = PBXFileReference; lastKnownFileType = sourcecode.swift; path = SceneDelegate.swift; sourceTree = "<group>"; };
		68DE27B629F0147B007CC993 /* Base */ = {isa = PBXFileReference; lastKnownFileType = file.storyboard; name = Base; path = Base.lproj/Main.storyboard; sourceTree = "<group>"; };
		68DE27B929F0147B007CC993 /* ToDoList.xcdatamodel */ = {isa = PBXFileReference; lastKnownFileType = wrapper.xcdatamodel; path = ToDoList.xcdatamodel; sourceTree = "<group>"; };
		68DE27BB29F0147B007CC993 /* Assets.xcassets */ = {isa = PBXFileReference; lastKnownFileType = folder.assetcatalog; path = Assets.xcassets; sourceTree = "<group>"; };
		68DE27BE29F0147B007CC993 /* Base */ = {isa = PBXFileReference; lastKnownFileType = file.storyboard; name = Base; path = Base.lproj/LaunchScreen.storyboard; sourceTree = "<group>"; };
		68DE27C029F0147B007CC993 /* Info.plist */ = {isa = PBXFileReference; lastKnownFileType = text.plist.xml; path = Info.plist; sourceTree = "<group>"; };
		68DE27C929F0157E007CC993 /* ToDoListTableViewController.swift */ = {isa = PBXFileReference; lastKnownFileType = sourcecode.swift; path = ToDoListTableViewController.swift; sourceTree = "<group>"; };
/* End PBXFileReference section */

/* Begin PBXFrameworksBuildPhase section */
		68DE27A929F0147B007CC993 /* Frameworks */ = {
			isa = PBXFrameworksBuildPhase;
			buildActionMask = 2147483647;
			files = (
			);
			runOnlyForDeploymentPostprocessing = 0;
		};
/* End PBXFrameworksBuildPhase section */

/* Begin PBXGroup section */
		68DE27A329F0147B007CC993 = {
			isa = PBXGroup;
			children = (
				68DE27AE29F0147B007CC993 /* ToDoList */,
				68DE27AD29F0147B007CC993 /* Products */,
			);
			sourceTree = "<group>";
		};
		68DE27AD29F0147B007CC993 /* Products */ = {
			isa = PBXGroup;
			children = (
				68DE27AC29F0147B007CC993 /* ToDoList.app */,
			);
			name = Products;
			sourceTree = "<group>";
		};
		68DE27AE29F0147B007CC993 /* ToDoList */ = {
			isa = PBXGroup;
			children = (
				68DE27C629F014DC007CC993 /* AppDelegate */,
				68DE27C829F014FF007CC993 /* Controller */,
				68DE27C729F014F7007CC993 /* View */,
				68DE27BB29F0147B007CC993 /* Assets.xcassets */,
				68DE27C029F0147B007CC993 /* Info.plist */,
				68DE27B829F0147B007CC993 /* ToDoList.xcdatamodeld */,
			);
			path = ToDoList;
			sourceTree = "<group>";
		};
		68DE27C629F014DC007CC993 /* AppDelegate */ = {
			isa = PBXGroup;
			children = (
				68DE27AF29F0147B007CC993 /* AppDelegate.swift */,
				68DE27B129F0147B007CC993 /* SceneDelegate.swift */,
			);
			path = AppDelegate;
			sourceTree = "<group>";
		};
		68DE27C729F014F7007CC993 /* View */ = {
			isa = PBXGroup;
			children = (
				68DE27B529F0147B007CC993 /* Main.storyboard */,
				68DE27BD29F0147B007CC993 /* LaunchScreen.storyboard */,
			);
			path = View;
			sourceTree = "<group>";
		};
		68DE27C829F014FF007CC993 /* Controller */ = {
			isa = PBXGroup;
			children = (
				68DE27C929F0157E007CC993 /* ToDoListTableViewController.swift */,
			);
			path = Controller;
			sourceTree = "<group>";
		};
/* End PBXGroup section */

/* Begin PBXNativeTarget section */
		68DE27AB29F0147B007CC993 /* ToDoList */ = {
			isa = PBXNativeTarget;
			buildConfigurationList = 68DE27C329F0147B007CC993 /* Build configuration list for PBXNativeTarget "ToDoList" */;
			buildPhases = (
				68DE27A829F0147B007CC993 /* Sources */,
				68DE27A929F0147B007CC993 /* Frameworks */,
				68DE27AA29F0147B007CC993 /* Resources */,
			);
			buildRules = (
			);
			dependencies = (
			);
			name = ToDoList;
			productName = ToDoList;
			productReference = 68DE27AC29F0147B007CC993 /* ToDoList.app */;
			productType = "com.apple.product-type.application";
		};
/* End PBXNativeTarget section */

/* Begin PBXProject section */
		68DE27A429F0147B007CC993 /* Project object */ = {
			isa = PBXProject;
			attributes = {
				BuildIndependentTargetsInParallel = 1;
				LastSwiftUpdateCheck = 1430;
				LastUpgradeCheck = 1430;
				TargetAttributes = {
					68DE27AB29F0147B007CC993 = {
						CreatedOnToolsVersion = 14.3;
					};
				};
			};
			buildConfigurationList = 68DE27A729F0147B007CC993 /* Build configuration list for PBXProject "ToDoList" */;
			compatibilityVersion = "Xcode 14.0";
			developmentRegion = en;
			hasScannedForEncodings = 0;
			knownRegions = (
				en,
				Base,
			);
			mainGroup = 68DE27A329F0147B007CC993;
			productRefGroup = 68DE27AD29F0147B007CC993 /* Products */;
			projectDirPath = "";
			projectRoot = "";
			targets = (
				68DE27AB29F0147B007CC993 /* ToDoList */,
			);
		};
/* End PBXProject section */

/* Begin PBXResourcesBuildPhase section */
		68DE27AA29F0147B007CC993 /* Resources */ = {
			isa = PBXResourcesBuildPhase;
			buildActionMask = 2147483647;
			files = (
				68DE27BF29F0147B007CC993 /* LaunchScreen.storyboard in Resources */,
				68DE27BC29F0147B007CC993 /* Assets.xcassets in Resources */,
				68DE27B729F0147B007CC993 /* Main.storyboard in Resources */,
			);
			runOnlyForDeploymentPostprocessing = 0;
		};
/* End PBXResourcesBuildPhase section */

/* Begin PBXSourcesBuildPhase section */
		68DE27A829F0147B007CC993 /* Sources */ = {
			isa = PBXSourcesBuildPhase;
			buildActionMask = 2147483647;
			files = (
				68DE27B029F0147B007CC993 /* AppDelegate.swift in Sources */,
				68DE27B229F0147B007CC993 /* SceneDelegate.swift in Sources */,
				68DE27BA29F0147B007CC993 /* ToDoList.xcdatamodeld in Sources */,
				68DE27CA29F0157E007CC993 /* ToDoListTableViewController.swift in Sources */,
			);
			runOnlyForDeploymentPostprocessing = 0;
		};
/* End PBXSourcesBuildPhase section */

/* Begin PBXVariantGroup section */
		68DE27B529F0147B007CC993 /* Main.storyboard */ = {
			isa = PBXVariantGroup;
			children = (
				68DE27B629F0147B007CC993 /* Base */,
			);
			name = Main.storyboard;
			sourceTree = "<group>";
		};
		68DE27BD29F0147B007CC993 /* LaunchScreen.storyboard */ = {
			isa = PBXVariantGroup;
			children = (
				68DE27BE29F0147B007CC993 /* Base */,
			);
			name = LaunchScreen.storyboard;
			sourceTree = "<group>";
		};
/* End PBXVariantGroup section */

/* Begin XCBuildConfiguration section */
		68DE27C129F0147B007CC993 /* Debug */ = {
			isa = XCBuildConfiguration;
			buildSettings = {
				ALWAYS_SEARCH_USER_PATHS = NO;
				CLANG_ANALYZER_NONNULL = YES;
				CLANG_ANALYZER_NUMBER_OBJECT_CONVERSION = YES_AGGRESSIVE;
				CLANG_CXX_LANGUAGE_STANDARD = "gnu++20";
				CLANG_ENABLE_MODULES = YES;
				CLANG_ENABLE_OBJC_ARC = YES;
				CLANG_ENABLE_OBJC_WEAK = YES;
				CLANG_WARN_BLOCK_CAPTURE_AUTORELEASING = YES;
				CLANG_WARN_BOOL_CONVERSION = YES;
				CLANG_WARN_COMMA = YES;
				CLANG_WARN_CONSTANT_CONVERSION = YES;
				CLANG_WARN_DEPRECATED_OBJC_IMPLEMENTATIONS = YES;
				CLANG_WARN_DIRECT_OBJC_ISA_USAGE = YES_ERROR;
				CLANG_WARN_DOCUMENTATION_COMMENTS = YES;
				CLANG_WARN_EMPTY_BODY = YES;
				CLANG_WARN_ENUM_CONVERSION = YES;
				CLANG_WARN_INFINITE_RECURSION = YES;
				CLANG_WARN_INT_CONVERSION = YES;
				CLANG_WARN_NON_LITERAL_NULL_CONVERSION = YES;
				CLANG_WARN_OBJC_IMPLICIT_RETAIN_SELF = YES;
				CLANG_WARN_OBJC_LITERAL_CONVERSION = YES;
				CLANG_WARN_OBJC_ROOT_CLASS = YES_ERROR;
				CLANG_WARN_QUOTED_INCLUDE_IN_FRAMEWORK_HEADER = YES;
				CLANG_WARN_RANGE_LOOP_ANALYSIS = YES;
				CLANG_WARN_STRICT_PROTOTYPES = YES;
				CLANG_WARN_SUSPICIOUS_MOVE = YES;
				CLANG_WARN_UNGUARDED_AVAILABILITY = YES_AGGRESSIVE;
				CLANG_WARN_UNREACHABLE_CODE = YES;
				CLANG_WARN__DUPLICATE_METHOD_MATCH = YES;
				COPY_PHASE_STRIP = NO;
				DEBUG_INFORMATION_FORMAT = dwarf;
				ENABLE_STRICT_OBJC_MSGSEND = YES;
				ENABLE_TESTABILITY = YES;
				GCC_C_LANGUAGE_STANDARD = gnu11;
				GCC_DYNAMIC_NO_PIC = NO;
				GCC_NO_COMMON_BLOCKS = YES;
				GCC_OPTIMIZATION_LEVEL = 0;
				GCC_PREPROCESSOR_DEFINITIONS = (
					"DEBUG=1",
					"$(inherited)",
				);
				GCC_WARN_64_TO_32_BIT_CONVERSION = YES;
				GCC_WARN_ABOUT_RETURN_TYPE = YES_ERROR;
				GCC_WARN_UNDECLARED_SELECTOR = YES;
				GCC_WARN_UNINITIALIZED_AUTOS = YES_AGGRESSIVE;
				GCC_WARN_UNUSED_FUNCTION = YES;
				GCC_WARN_UNUSED_VARIABLE = YES;
				IPHONEOS_DEPLOYMENT_TARGET = 16.4;
				MTL_ENABLE_DEBUG_INFO = INCLUDE_SOURCE;
				MTL_FAST_MATH = YES;
				ONLY_ACTIVE_ARCH = YES;
				SDKROOT = iphoneos;
				SWIFT_ACTIVE_COMPILATION_CONDITIONS = DEBUG;
				SWIFT_OPTIMIZATION_LEVEL = "-Onone";
			};
			name = Debug;
		};
		68DE27C229F0147B007CC993 /* Release */ = {
			isa = XCBuildConfiguration;
			buildSettings = {
				ALWAYS_SEARCH_USER_PATHS = NO;
				CLANG_ANALYZER_NONNULL = YES;
				CLANG_ANALYZER_NUMBER_OBJECT_CONVERSION = YES_AGGRESSIVE;
				CLANG_CXX_LANGUAGE_STANDARD = "gnu++20";
				CLANG_ENABLE_MODULES = YES;
				CLANG_ENABLE_OBJC_ARC = YES;
				CLANG_ENABLE_OBJC_WEAK = YES;
				CLANG_WARN_BLOCK_CAPTURE_AUTORELEASING = YES;
				CLANG_WARN_BOOL_CONVERSION = YES;
				CLANG_WARN_COMMA = YES;
				CLANG_WARN_CONSTANT_CONVERSION = YES;
				CLANG_WARN_DEPRECATED_OBJC_IMPLEMENTATIONS = YES;
				CLANG_WARN_DIRECT_OBJC_ISA_USAGE = YES_ERROR;
				CLANG_WARN_DOCUMENTATION_COMMENTS = YES;
				CLANG_WARN_EMPTY_BODY = YES;
				CLANG_WARN_ENUM_CONVERSION = YES;
				CLANG_WARN_INFINITE_RECURSION = YES;
				CLANG_WARN_INT_CONVERSION = YES;
				CLANG_WARN_NON_LITERAL_NULL_CONVERSION = YES;
				CLANG_WARN_OBJC_IMPLICIT_RETAIN_SELF = YES;
				CLANG_WARN_OBJC_LITERAL_CONVERSION = YES;
				CLANG_WARN_OBJC_ROOT_CLASS = YES_ERROR;
				CLANG_WARN_QUOTED_INCLUDE_IN_FRAMEWORK_HEADER = YES;
				CLANG_WARN_RANGE_LOOP_ANALYSIS = YES;
				CLANG_WARN_STRICT_PROTOTYPES = YES;
				CLANG_WARN_SUSPICIOUS_MOVE = YES;
				CLANG_WARN_UNGUARDED_AVAILABILITY = YES_AGGRESSIVE;
				CLANG_WARN_UNREACHABLE_CODE = YES;
				CLANG_WARN__DUPLICATE_METHOD_MATCH = YES;
				COPY_PHASE_STRIP = NO;
				DEBUG_INFORMATION_FORMAT = "dwarf-with-dsym";
				ENABLE_NS_ASSERTIONS = NO;
				ENABLE_STRICT_OBJC_MSGSEND = YES;
				GCC_C_LANGUAGE_STANDARD = gnu11;
				GCC_NO_COMMON_BLOCKS = YES;
				GCC_WARN_64_TO_32_BIT_CONVERSION = YES;
				GCC_WARN_ABOUT_RETURN_TYPE = YES_ERROR;
				GCC_WARN_UNDECLARED_SELECTOR = YES;
				GCC_WARN_UNINITIALIZED_AUTOS = YES_AGGRESSIVE;
				GCC_WARN_UNUSED_FUNCTION = YES;
				GCC_WARN_UNUSED_VARIABLE = YES;
				IPHONEOS_DEPLOYMENT_TARGET = 16.4;
				MTL_ENABLE_DEBUG_INFO = NO;
				MTL_FAST_MATH = YES;
				SDKROOT = iphoneos;
				SWIFT_COMPILATION_MODE = wholemodule;
				SWIFT_OPTIMIZATION_LEVEL = "-O";
				VALIDATE_PRODUCT = YES;
			};
			name = Release;
		};
		68DE27C429F0147B007CC993 /* Debug */ = {
			isa = XCBuildConfiguration;
			buildSettings = {
				ASSETCATALOG_COMPILER_APPICON_NAME = AppIcon;
				ASSETCATALOG_COMPILER_GLOBAL_ACCENT_COLOR_NAME = AccentColor;
				CODE_SIGN_STYLE = Automatic;
				CURRENT_PROJECT_VERSION = 1;
				DEVELOPMENT_TEAM = 5UT44ZH347;
				GENERATE_INFOPLIST_FILE = YES;
				INFOPLIST_FILE = ToDoList/Info.plist;
				INFOPLIST_KEY_UIApplicationSupportsIndirectInputEvents = YES;
				INFOPLIST_KEY_UILaunchStoryboardName = LaunchScreen;
				INFOPLIST_KEY_UIMainStoryboardFile = Main;
				INFOPLIST_KEY_UISupportedInterfaceOrientations_iPad = "UIInterfaceOrientationPortrait UIInterfaceOrientationPortraitUpsideDown UIInterfaceOrientationLandscapeLeft UIInterfaceOrientationLandscapeRight";
				INFOPLIST_KEY_UISupportedInterfaceOrientations_iPhone = "UIInterfaceOrientationPortrait UIInterfaceOrientationLandscapeLeft UIInterfaceOrientationLandscapeRight";
				LD_RUNPATH_SEARCH_PATHS = (
					"$(inherited)",
					"@executable_path/Frameworks",
				);
				MARKETING_VERSION = 1.0;
				PRODUCT_BUNDLE_IDENTIFIER = com.iosbootcamp.ToDoList;
				PRODUCT_NAME = "$(TARGET_NAME)";
				SWIFT_EMIT_LOC_STRINGS = YES;
				SWIFT_VERSION = 5.0;
				TARGETED_DEVICE_FAMILY = "1,2";
			};
			name = Debug;
		};
		68DE27C529F0147B007CC993 /* Release */ = {
			isa = XCBuildConfiguration;
			buildSettings = {
				ASSETCATALOG_COMPILER_APPICON_NAME = AppIcon;
				ASSETCATALOG_COMPILER_GLOBAL_ACCENT_COLOR_NAME = AccentColor;
				CODE_SIGN_STYLE = Automatic;
				CURRENT_PROJECT_VERSION = 1;
				DEVELOPMENT_TEAM = 5UT44ZH347;
				GENERATE_INFOPLIST_FILE = YES;
				INFOPLIST_FILE = ToDoList/Info.plist;
				INFOPLIST_KEY_UIApplicationSupportsIndirectInputEvents = YES;
				INFOPLIST_KEY_UILaunchStoryboardName = LaunchScreen;
				INFOPLIST_KEY_UIMainStoryboardFile = Main;
				INFOPLIST_KEY_UISupportedInterfaceOrientations_iPad = "UIInterfaceOrientationPortrait UIInterfaceOrientationPortraitUpsideDown UIInterfaceOrientationLandscapeLeft UIInterfaceOrientationLandscapeRight";
				INFOPLIST_KEY_UISupportedInterfaceOrientations_iPhone = "UIInterfaceOrientationPortrait UIInterfaceOrientationLandscapeLeft UIInterfaceOrientationLandscapeRight";
				LD_RUNPATH_SEARCH_PATHS = (
					"$(inherited)",
					"@executable_path/Frameworks",
				);
				MARKETING_VERSION = 1.0;
				PRODUCT_BUNDLE_IDENTIFIER = com.iosbootcamp.ToDoList;
				PRODUCT_NAME = "$(TARGET_NAME)";
				SWIFT_EMIT_LOC_STRINGS = YES;
				SWIFT_VERSION = 5.0;
				TARGETED_DEVICE_FAMILY = "1,2";
			};
			name = Release;
		};
/* End XCBuildConfiguration section */

/* Begin XCConfigurationList section */
		68DE27A729F0147B007CC993 /* Build configuration list for PBXProject "ToDoList" */ = {
			isa = XCConfigurationList;
			buildConfigurations = (
				68DE27C129F0147B007CC993 /* Debug */,
				68DE27C229F0147B007CC993 /* Release */,
			);
			defaultConfigurationIsVisible = 0;
			defaultConfigurationName = Release;
		};
		68DE27C329F0147B007CC993 /* Build configuration list for PBXNativeTarget "ToDoList" */ = {
			isa = XCConfigurationList;
			buildConfigurations = (
				68DE27C429F0147B007CC993 /* Debug */,
				68DE27C529F0147B007CC993 /* Release */,
			);
			defaultConfigurationIsVisible = 0;
			defaultConfigurationName = Release;
		};
/* End XCConfigurationList section */

/* Begin XCVersionGroup section */
		68DE27B829F0147B007CC993 /* ToDoList.xcdatamodeld */ = {
			isa = XCVersionGroup;
			children = (
				68DE27B929F0147B007CC993 /* ToDoList.xcdatamodel */,
			);
			currentVersion = 68DE27B929F0147B007CC993 /* ToDoList.xcdatamodel */;
			path = ToDoList.xcdatamodeld;
			sourceTree = "<group>";
			versionGroupType = wrapper.xcdatamodel;
		};
/* End XCVersionGroup section */
	};
	rootObject = 68DE27A429F0147B007CC993 /* Project object */;
}
